
Microsoft Visual Studio Solution File, Format Version 12.00
# Visual Studio 15
Project("{FAE04EC0-301F-11D3-BF4B-00C04F79EFBC}") = "Mirror.Examples", "Mirror.Examples.csproj", "{757B04E2-49CF-8004-E7B4-B8D41D4239DA}"
EndProject
Project("{FAE04EC0-301F-11D3-BF4B-00C04F79EFBC}") = "Mirror", "Mirror.csproj", "{A9851FA4-EB42-FC5F-ACB8-12D386CE7EC8}"
EndProject
Project("{FAE04EC0-301F-11D3-BF4B-00C04F79EFBC}") = "com.rlabrecque.steamworks.net", "com.rlabrecque.steamworks.net.csproj", "{A984C5C3-F058-B276-A4FC-428608C5CD7E}"
EndProject
Project("{FAE04EC0-301F-11D3-BF4B-00C04F79EFBC}") = "FizzySteamworks", "FizzySteamworks.csproj", "{8B35A43C-D422-38A6-7218-3CF5F4ECDC78}"
EndProject
Project("{FAE04EC0-301F-11D3-BF4B-00C04F79EFBC}") = "Telepathy", "Telepathy.csproj", "{D141AC16-E4EC-A969-F23D-079787821E1B}"
EndProject
Project("{FAE04EC0-301F-11D3-BF4B-00C04F79EFBC}") = "Mirror.Components", "Mirror.Components.csproj", "{7BCD74D3-8FE0-8D27-D635-864444E022F7}"
EndProject
Project("{FAE04EC0-301F-11D3-BF4B-00C04F79EFBC}") = "Assembly-CSharp", "Assembly-CSharp.csproj", "{C9631648-EAFB-5CE7-522F-B5D742290679}"
EndProject
Project("{FAE04EC0-301F-11D3-BF4B-00C04F79EFBC}") = "kcp2k", "kcp2k.csproj", "{B32A482F-0C3F-23A5-ABD1-517735FB2F56}"
EndProject
Project("{FAE04EC0-301F-11D3-BF4B-00C04F79EFBC}") = "SimpleWebTransport", "SimpleWebTransport.csproj", "{E1EB4FB8-7268-CED9-F752-98FE7AE74EF7}"
EndProject
Project("{FAE04EC0-301F-11D3-BF4B-00C04F79EFBC}") = "where-allocations", "where-allocations.csproj", "{B29E1BF8-58FC-C5C2-0DE5-754888D4C020}"
EndProject
Project("{FAE04EC0-301F-11D3-BF4B-00C04F79EFBC}") = "Mirror.Authenticators", "Mirror.Authenticators.csproj", "{BF396B61-A25D-4C96-490F-D328C091379B}"
EndProject
Project("{FAE04EC0-301F-11D3-BF4B-00C04F79EFBC}") = "Unity.Mirror.CodeGen", "Unity.Mirror.CodeGen.csproj", "{A7680D66-3320-C36A-26E0-71ED0189F935}"
EndProject
Project("{FAE04EC0-301F-11D3-BF4B-00C04F79EFBC}") = "com.rlabrecque.steamworks.net.editor", "com.rlabrecque.steamworks.net.editor.csproj", "{C0B59393-CFE2-5FDD-1976-370629C56019}"
EndProject
Project("{FAE04EC0-301F-11D3-BF4B-00C04F79EFBC}") = "Mirror.Editor", "Mirror.Editor.csproj", "{09DBFCDB-6B06-B418-F8A5-3914C0D20889}"
EndProject
Project("{FAE04EC0-301F-11D3-BF4B-00C04F79EFBC}") = "Mirror.CompilerSymbols", "Mirror.CompilerSymbols.csproj", "{B18C0387-FB64-513D-CA58-9CB949C37B19}"
EndProject
Global
	GlobalSection(SolutionConfigurationPlatforms) = preSolution
		Debug|Any CPU = Debug|Any CPU
		Release|Any CPU = Release|Any CPU
	EndGlobalSection
	GlobalSection(ProjectConfigurationPlatforms) = postSolution
		{757B04E2-49CF-8004-E7B4-B8D41D4239DA}.Debug|Any CPU.ActiveCfg = Debug|Any CPU
		{757B04E2-49CF-8004-E7B4-B8D41D4239DA}.Debug|Any CPU.Build.0 = Debug|Any CPU
		{757B04E2-49CF-8004-E7B4-B8D41D4239DA}.Release|Any CPU.ActiveCfg = Release|Any CPU
		{757B04E2-49CF-8004-E7B4-B8D41D4239DA}.Release|Any CPU.Build.0 = Release|Any CPU
		{A9851FA4-EB42-FC5F-ACB8-12D386CE7EC8}.Debug|Any CPU.ActiveCfg = Debug|Any CPU
		{A9851FA4-EB42-FC5F-ACB8-12D386CE7EC8}.Debug|Any CPU.Build.0 = Debug|Any CPU
		{A9851FA4-EB42-FC5F-ACB8-12D386CE7EC8}.Release|Any CPU.ActiveCfg = Release|Any CPU
		{A9851FA4-EB42-FC5F-ACB8-12D386CE7EC8}.Release|Any CPU.Build.0 = Release|Any CPU
		{A984C5C3-F058-B276-A4FC-428608C5CD7E}.Debug|Any CPU.ActiveCfg = Debug|Any CPU
		{A984C5C3-F058-B276-A4FC-428608C5CD7E}.Debug|Any CPU.Build.0 = Debug|Any CPU
		{A984C5C3-F058-B276-A4FC-428608C5CD7E}.Release|Any CPU.ActiveCfg = Release|Any CPU
		{A984C5C3-F058-B276-A4FC-428608C5CD7E}.Release|Any CPU.Build.0 = Release|Any CPU
		{8B35A43C-D422-38A6-7218-3CF5F4ECDC78}.Debug|Any CPU.ActiveCfg = Debug|Any CPU
		{8B35A43C-D422-38A6-7218-3CF5F4ECDC78}.Debug|Any CPU.Build.0 = Debug|Any CPU
		{8B35A43C-D422-38A6-7218-3CF5F4ECDC78}.Release|Any CPU.ActiveCfg = Release|Any CPU
		{8B35A43C-D422-38A6-7218-3CF5F4ECDC78}.Release|Any CPU.Build.0 = Release|Any CPU
		{D141AC16-E4EC-A969-F23D-079787821E1B}.Debug|Any CPU.ActiveCfg = Debug|Any CPU
		{D141AC16-E4EC-A969-F23D-079787821E1B}.Debug|Any CPU.Build.0 = Debug|Any CPU
		{D141AC16-E4EC-A969-F23D-079787821E1B}.Release|Any CPU.ActiveCfg = Release|Any CPU
		{D141AC16-E4EC-A969-F23D-079787821E1B}.Release|Any CPU.Build.0 = Release|Any CPU
		{7BCD74D3-8FE0-8D27-D635-864444E022F7}.Debug|Any CPU.ActiveCfg = Debug|Any CPU
		{7BCD74D3-8FE0-8D27-D635-864444E022F7}.Debug|Any CPU.Build.0 = Debug|Any CPU
		{7BCD74D3-8FE0-8D27-D635-864444E022F7}.Release|Any CPU.ActiveCfg = Release|Any CPU
		{7BCD74D3-8FE0-8D27-D635-864444E022F7}.Release|Any CPU.Build.0 = Release|Any CPU
		{C9631648-EAFB-5CE7-522F-B5D742290679}.Debug|Any CPU.ActiveCfg = Debug|Any CPU
		{C9631648-EAFB-5CE7-522F-B5D742290679}.Debug|Any CPU.Build.0 = Debug|Any CPU
		{C9631648-EAFB-5CE7-522F-B5D742290679}.Release|Any CPU.ActiveCfg = Release|Any CPU
		{C9631648-EAFB-5CE7-522F-B5D742290679}.Release|Any CPU.Build.0 = Release|Any CPU
		{B32A482F-0C3F-23A5-ABD1-517735FB2F56}.Debug|Any CPU.ActiveCfg = Debug|Any CPU
		{B32A482F-0C3F-23A5-ABD1-517735FB2F56}.Debug|Any CPU.Build.0 = Debug|Any CPU
		{B32A482F-0C3F-23A5-ABD1-517735FB2F56}.Release|Any CPU.ActiveCfg = Release|Any CPU
		{B32A482F-0C3F-23A5-ABD1-517735FB2F56}.Release|Any CPU.Build.0 = Release|Any CPU
		{E1EB4FB8-7268-CED9-F752-98FE7AE74EF7}.Debug|Any CPU.ActiveCfg = Debug|Any CPU
		{E1EB4FB8-7268-CED9-F752-98FE7AE74EF7}.Debug|Any CPU.Build.0 = Debug|Any CPU
		{E1EB4FB8-7268-CED9-F752-98FE7AE74EF7}.Release|Any CPU.ActiveCfg = Release|Any CPU
		{E1EB4FB8-7268-CED9-F752-98FE7AE74EF7}.Release|Any CPU.Build.0 = Release|Any CPU
		{B29E1BF8-58FC-C5C2-0DE5-754888D4C020}.Debug|Any CPU.ActiveCfg = Debug|Any CPU
		{B29E1BF8-58FC-C5C2-0DE5-754888D4C020}.Debug|Any CPU.Build.0 = Debug|Any CPU
		{B29E1BF8-58FC-C5C2-0DE5-754888D4C020}.Release|Any CPU.ActiveCfg = Release|Any CPU
		{B29E1BF8-58FC-C5C2-0DE5-754888D4C020}.Release|Any CPU.Build.0 = Release|Any CPU
		{BF396B61-A25D-4C96-490F-D328C091379B}.Debug|Any CPU.ActiveCfg = Debug|Any CPU
		{BF396B61-A25D-4C96-490F-D328C091379B}.Debug|Any CPU.Build.0 = Debug|Any CPU
		{BF396B61-A25D-4C96-490F-D328C091379B}.Release|Any CPU.ActiveCfg = Release|Any CPU
		{BF396B61-A25D-4C96-490F-D328C091379B}.Release|Any CPU.Build.0 = Release|Any CPU
		{A7680D66-3320-C36A-26E0-71ED0189F935}.Debug|Any CPU.ActiveCfg = Debug|Any CPU
		{A7680D66-3320-C36A-26E0-71ED0189F935}.Debug|Any CPU.Build.0 = Debug|Any CPU
		{A7680D66-3320-C36A-26E0-71ED0189F935}.Release|Any CPU.ActiveCfg = Release|Any CPU
		{A7680D66-3320-C36A-26E0-71ED0189F935}.Release|Any CPU.Build.0 = Release|Any CPU
		{C0B59393-CFE2-5FDD-1976-370629C56019}.Debug|Any CPU.ActiveCfg = Debug|Any CPU
		{C0B59393-CFE2-5FDD-1976-370629C56019}.Debug|Any CPU.Build.0 = Debug|Any CPU
		{C0B59393-CFE2-5FDD-1976-370629C56019}.Release|Any CPU.ActiveCfg = Release|Any CPU
		{C0B59393-CFE2-5FDD-1976-370629C56019}.Release|Any CPU.Build.0 = Release|Any CPU
		{09DBFCDB-6B06-B418-F8A5-3914C0D20889}.Debug|Any CPU.ActiveCfg = Debug|Any CPU
		{09DBFCDB-6B06-B418-F8A5-3914C0D20889}.Debug|Any CPU.Build.0 = Debug|Any CPU
		{09DBFCDB-6B06-B418-F8A5-3914C0D20889}.Release|Any CPU.ActiveCfg = Release|Any CPU
		{09DBFCDB-6B06-B418-F8A5-3914C0D20889}.Release|Any CPU.Build.0 = Release|Any CPU
		{B18C0387-FB64-513D-CA58-9CB949C37B19}.Debug|Any CPU.ActiveCfg = Debug|Any CPU
		{B18C0387-FB64-513D-CA58-9CB949C37B19}.Debug|Any CPU.Build.0 = Debug|Any CPU
		{B18C0387-FB64-513D-CA58-9CB949C37B19}.Release|Any CPU.ActiveCfg = Release|Any CPU
		{B18C0387-FB64-513D-CA58-9CB949C37B19}.Release|Any CPU.Build.0 = Release|Any CPU
	EndGlobalSection
	GlobalSection(SolutionProperties) = preSolution
		HideSolutionNode = FALSE
	EndGlobalSection
EndGlobal
